
Microsoft Visual Studio Solution File, Format Version 12.00
# Visual Studio Version 17
VisualStudioVersion = 17.5.002.0
MinimumVisualStudioVersion = 10.0.40219.1
Project("{9A19103F-16F7-4668-BE54-9A1E7A4F7556}") = "Tasks_hw", "Tasks_hw\Tasks_hw.csproj", "{5881BC64-8546-45FE-A9AB-E5D5BEDAF68F}"
EndProject
Global
	GlobalSection(SolutionConfigurationPlatforms) = preSolution
		Debug|Any CPU = Debug|Any CPU
		Release|Any CPU = Release|Any CPU
	EndGlobalSection
	GlobalSection(ProjectConfigurationPlatforms) = postSolution
		{5881BC64-8546-45FE-A9AB-E5D5BEDAF68F}.Debug|Any CPU.ActiveCfg = Debug|Any CPU
		{5881BC64-8546-45FE-A9AB-E5D5BEDAF68F}.Debug|Any CPU.Build.0 = Debug|Any CPU
		{5881BC64-8546-45FE-A9AB-E5D5BEDAF68F}.Release|Any CPU.ActiveCfg = Release|Any CPU
		{5881BC64-8546-45FE-A9AB-E5D5BEDAF68F}.Release|Any CPU.Build.0 = Release|Any CPU
	EndGlobalSection
	GlobalSection(SolutionProperties) = preSolution
		HideSolutionNode = FALSE
	EndGlobalSection
	GlobalSection(ExtensibilityGlobals) = postSolution
		SolutionGuid = {00DE27BB-EAE0-46F8-9B2D-CE3FF5770AF7}
	EndGlobalSection
EndGlobal
